{
  "originHash" : "9dd38f857db7479f1816015771b37a83ed7849590400ca2677a9c5f1b5014407",
  "pins" : [
    {
      "identity" : "meta-wearables-dat-ios",
      "kind" : "remoteSourceControl",
      "location" : "https://github.com/facebook/meta-wearables-dat-ios",
      "state" : {
        "revision" : "6ea4e1a45abb31bcb00f0d983aeefacff13d97a8",
        "version" : "0.6.0"
      }
    }
  ],
  "version" : 3
}
