{
  "originHash" : "61f92bcd9d40db55018ef96746e898a2e06f2502311a4bfe03cd174091f7855b",
  "pins" : [
    {
      "identity" : "meta-wearables-dat-ios",
      "kind" : "remoteSourceControl",
      "location" : "https://github.com/facebook/meta-wearables-dat-ios",
      "state" : {
        "revision" : "6ea4e1a45abb31bcb00f0d983aeefacff13d97a8",
        "version" : "0.6.0"
      }
    },
    {
      "identity" : "swifttasksvision",
      "kind" : "remoteSourceControl",
      "location" : "https://github.com/paescebu/SwiftTasksVision.git",
      "state" : {
        "revision" : "2cba94cf7d38ace98e32dc08d1de7a6895f05057",
        "version" : "0.10.21"
      }
    }
  ],
  "version" : 3
}
